
Microsoft Visual Studio Solution File, Format Version 12.00
# Visual Studio Version 16
VisualStudioVersion = 16.0.30413.136
MinimumVisualStudioVersion = 10.0.40219.1
Project("{FAE04EC0-301F-11D3-BF4B-00C04F79EFBC}") = "Sigma.iOS", "Sigma\Sigma.iOS.csproj", "{7C767A6D-535C-48DD-AC1C-A5FB1F12689A}"
EndProject
Project("{FAE04EC0-301F-11D3-BF4B-00C04F79EFBC}") = "Sigma.Android", "Sigma.Android\Sigma.Android.csproj", "{9614C44E-6B9A-4D1C-8CA6-7992C0ED909A}"
EndProject
Global
	GlobalSection(SolutionConfigurationPlatforms) = preSolution
		Debug|Any CPU = Debug|Any CPU
		Debug|iPhone = Debug|iPhone
		Debug|iPhoneSimulator = Debug|iPhoneSimulator
		Release|Any CPU = Release|Any CPU
		Release|iPhone = Release|iPhone
		Release|iPhoneSimulator = Release|iPhoneSimulator
	EndGlobalSection
	GlobalSection(ProjectConfigurationPlatforms) = postSolution
		{7C767A6D-535C-48DD-AC1C-A5FB1F12689A}.Debug|Any CPU.ActiveCfg = Debug|iPhone
		{7C767A6D-535C-48DD-AC1C-A5FB1F12689A}.Debug|iPhone.ActiveCfg = Debug|iPhone
		{7C767A6D-535C-48DD-AC1C-A5FB1F12689A}.Debug|iPhone.Build.0 = Debug|iPhone
		{7C767A6D-535C-48DD-AC1C-A5FB1F12689A}.Debug|iPhone.Deploy.0 = Debug|iPhone
		{7C767A6D-535C-48DD-AC1C-A5FB1F12689A}.Debug|iPhoneSimulator.ActiveCfg = Debug|iPhoneSimulator
		{7C767A6D-535C-48DD-AC1C-A5FB1F12689A}.Debug|iPhoneSimulator.Build.0 = Debug|iPhoneSimulator
		{7C767A6D-535C-48DD-AC1C-A5FB1F12689A}.Debug|iPhoneSimulator.Deploy.0 = Debug|iPhoneSimulator
		{7C767A6D-535C-48DD-AC1C-A5FB1F12689A}.Release|Any CPU.ActiveCfg = Release|iPhone
		{7C767A6D-535C-48DD-AC1C-A5FB1F12689A}.Release|iPhone.ActiveCfg = Release|iPhone
		{7C767A6D-535C-48DD-AC1C-A5FB1F12689A}.Release|iPhone.Build.0 = Release|iPhone
		{7C767A6D-535C-48DD-AC1C-A5FB1F12689A}.Release|iPhone.Deploy.0 = Release|iPhone
		{7C767A6D-535C-48DD-AC1C-A5FB1F12689A}.Release|iPhoneSimulator.ActiveCfg = Release|iPhoneSimulator
		{7C767A6D-535C-48DD-AC1C-A5FB1F12689A}.Release|iPhoneSimulator.Build.0 = Release|iPhoneSimulator
		{7C767A6D-535C-48DD-AC1C-A5FB1F12689A}.Release|iPhoneSimulator.Deploy.0 = Release|iPhoneSimulator
		{9614C44E-6B9A-4D1C-8CA6-7992C0ED909A}.Debug|Any CPU.ActiveCfg = Debug|Any CPU
		{9614C44E-6B9A-4D1C-8CA6-7992C0ED909A}.Debug|Any CPU.Build.0 = Debug|Any CPU
		{9614C44E-6B9A-4D1C-8CA6-7992C0ED909A}.Debug|Any CPU.Deploy.0 = Debug|Any CPU
		{9614C44E-6B9A-4D1C-8CA6-7992C0ED909A}.Debug|iPhone.ActiveCfg = Debug|Any CPU
		{9614C44E-6B9A-4D1C-8CA6-7992C0ED909A}.Debug|iPhone.Build.0 = Debug|Any CPU
		{9614C44E-6B9A-4D1C-8CA6-7992C0ED909A}.Debug|iPhone.Deploy.0 = Debug|Any CPU
		{9614C44E-6B9A-4D1C-8CA6-7992C0ED909A}.Debug|iPhoneSimulator.ActiveCfg = Debug|Any CPU
		{9614C44E-6B9A-4D1C-8CA6-7992C0ED909A}.Debug|iPhoneSimulator.Build.0 = Debug|Any CPU
		{9614C44E-6B9A-4D1C-8CA6-7992C0ED909A}.Debug|iPhoneSimulator.Deploy.0 = Debug|Any CPU
		{9614C44E-6B9A-4D1C-8CA6-7992C0ED909A}.Release|Any CPU.ActiveCfg = Release|Any CPU
		{9614C44E-6B9A-4D1C-8CA6-7992C0ED909A}.Release|Any CPU.Build.0 = Release|Any CPU
		{9614C44E-6B9A-4D1C-8CA6-7992C0ED909A}.Release|Any CPU.Deploy.0 = Release|Any CPU
		{9614C44E-6B9A-4D1C-8CA6-7992C0ED909A}.Release|iPhone.ActiveCfg = Release|Any CPU
		{9614C44E-6B9A-4D1C-8CA6-7992C0ED909A}.Release|iPhone.Build.0 = Release|Any CPU
		{9614C44E-6B9A-4D1C-8CA6-7992C0ED909A}.Release|iPhone.Deploy.0 = Release|Any CPU
		{9614C44E-6B9A-4D1C-8CA6-7992C0ED909A}.Release|iPhoneSimulator.ActiveCfg = Release|Any CPU
		{9614C44E-6B9A-4D1C-8CA6-7992C0ED909A}.Release|iPhoneSimulator.Build.0 = Release|Any CPU
		{9614C44E-6B9A-4D1C-8CA6-7992C0ED909A}.Release|iPhoneSimulator.Deploy.0 = Release|Any CPU
	EndGlobalSection
	GlobalSection(SolutionProperties) = preSolution
		HideSolutionNode = FALSE
	EndGlobalSection
	GlobalSection(ExtensibilityGlobals) = postSolution
		SolutionGuid = {B41FE400-9006-48E7-8FA4-EF0EC98FF7CF}
	EndGlobalSection
EndGlobal
